{
  "name": "penpot",
  "version": "1.0.0",
  "lockfileVersion": 3,
  "requires": true,
  "packages": {
    "": {
      "name": "penpot",
      "version": "1.0.0",
      "license": "ISC",
      "dependencies": {
        "@penpot/library": "file:../../../tmp/penpot-lib/penpot-library-1.2.0-RC2.tgz"
      }
    },
    "node_modules/@penpot/library": {
      "version": "1.2.0-RC2",
      "resolved": "file:../../../tmp/penpot-lib/penpot-library-1.2.0-RC2.tgz",
      "integrity": "sha512-bd4ZXjo3NrzQL72VvIx/Y+ZYxetk/iy2k04PysCCQMGOOu+DHsAqodbgIjWQWMmdi73mcFho9SKWxTX4EDlybQ==",
      "license": "MPL-2.0"
    }
  }
}
